
Microsoft Visual Studio Solution File, Format Version 12.00
# Visual Studio Version 16
VisualStudioVersion = 16.0.32228.343
MinimumVisualStudioVersion = 10.0.40219.1
Project("{FAE04EC0-301F-11D3-BF4B-00C04F79EFBC}") = "AddHocW2_D2", "AddHocW2_D2\AddHocW2_D2.csproj", "{C4186BBA-B24C-42ED-8D61-E29D6F382E2D}"
EndProject
Global
	GlobalSection(SolutionConfigurationPlatforms) = preSolution
		Debug|Any CPU = Debug|Any CPU
		Release|Any CPU = Release|Any CPU
	EndGlobalSection
	GlobalSection(ProjectConfigurationPlatforms) = postSolution
		{C4186BBA-B24C-42ED-8D61-E29D6F382E2D}.Debug|Any CPU.ActiveCfg = Debug|Any CPU
		{C4186BBA-B24C-42ED-8D61-E29D6F382E2D}.Debug|Any CPU.Build.0 = Debug|Any CPU
		{C4186BBA-B24C-42ED-8D61-E29D6F382E2D}.Release|Any CPU.ActiveCfg = Release|Any CPU
		{C4186BBA-B24C-42ED-8D61-E29D6F382E2D}.Release|Any CPU.Build.0 = Release|Any CPU
	EndGlobalSection
	GlobalSection(SolutionProperties) = preSolution
		HideSolutionNode = FALSE
	EndGlobalSection
	GlobalSection(ExtensibilityGlobals) = postSolution
		SolutionGuid = {4D042705-7486-40C1-BE62-F891EC105CAF}
	EndGlobalSection
EndGlobal
